;;;;;;;;;;;;;;;;;;;;;;;;;;;;;;;;;;;;;;;;;;;;;;;;;;;;;;;;;;;;;;;;;;;;;;;;;;;;;;;;
;; This is autogenerated by CLPM. Do not edit by hand.
;;;;;;;;;;;;;;;;;;;;;;;;;;;;;;;;;;;;;;;;;;;;;;;;;;;;;;;;;;;;;;;;;;;;;;;;;;;;;;;;

(:api-version "0.4")

;;;;;;;;;;;;;;;;;;;;;;;;;;;;;;;;;;;;;;;;;;;;;;;;;;;;;;;;;;;;;;;;;;;;;;;;;;;;;;;;
;; BEGIN SOURCES
;;;;;;;;;;;;;;;;;;;;;;;;;;;;;;;;;;;;;;;;;;;;;;;;;;;;;;;;;;;;;;;;;;;;;;;;;;;;;;;;

:sources
(:implicit-file :type :file-system :system-files ("./alu.asd"))
(:implicit-vcs :type :vcs :projects
 (("serapeum" :github :path "ruricolist/serapeum")))
(:implicit-vcs :type :vcs :projects (("fiveam" :github :path "lispci/fiveam")))
("quicklisp" :url "https://beta.quicklisp.org/dist/quicklisp.txt" :type
 :quicklisp)


;;;;;;;;;;;;;;;;;;;;;;;;;;;;;;;;;;;;;;;;;;;;;;;;;;;;;;;;;;;;;;;;;;;;;;;;;;;;;;;;
;; BEGIN REQUIREMENTS
;;;;;;;;;;;;;;;;;;;;;;;;;;;;;;;;;;;;;;;;;;;;;;;;;;;;;;;;;;;;;;;;;;;;;;;;;;;;;;;;

:requirements
(:project :name "serapeum" :commit "070edc01c617a44178ee108f22834e6d49059303"
 :source :implicit-vcs)
(:project :name "fiveam" :commit "e11dee752a8f59065033ef9d60641d4a2f1e8379"
 :source :implicit-vcs)
(:asd-file :name "./alu.asd")


;;;;;;;;;;;;;;;;;;;;;;;;;;;;;;;;;;;;;;;;;;;;;;;;;;;;;;;;;;;;;;;;;;;;;;;;;;;;;;;;
;; BEGIN RELEASES
;;;;;;;;;;;;;;;;;;;;;;;;;;;;;;;;;;;;;;;;;;;;;;;;;;;;;;;;;;;;;;;;;;;;;;;;;;;;;;;;

:releases
("./alu.asd" :version :newest :source :implicit-file :systems nil)
("alexandria" :version "2022-04-01" :source "quicklisp" :systems ("alexandria"))
("asdf-flv" :version "2016-04-21" :source "quicklisp" :systems
 ("net.didierverna.asdf-flv"))
("atomics" :version "2021-06-30" :source "quicklisp" :systems ("atomics"))
("bordeaux-threads" :version "2020-06-10" :source "quicklisp" :systems
 ("bordeaux-threads"))
("cl-ppcre" :version "2022-02-20" :source "quicklisp" :systems ("cl-ppcre"))
("closer-mop" :version "2022-04-01" :source "quicklisp" :systems ("closer-mop"))
("documentation-utils" :version "2019-07-11" :source "quicklisp" :systems
 ("documentation-utils"))
("fiveam" :version (:commit "e11dee752a8f59065033ef9d60641d4a2f1e8379") :source
 :implicit-vcs :systems ("fiveam" "fiveam/test"))
("global-vars" :version "2014-11-06" :source "quicklisp" :systems
 ("global-vars"))
("introspect-environment" :version "2022-02-20" :source "quicklisp" :systems
 ("introspect-environment"))
("iterate" :version "2021-05-31" :source "quicklisp" :systems ("iterate"))
("lisp-namespace" :version "2021-10-21" :source "quicklisp" :systems
 ("lisp-namespace"))
("local-time" :version "2021-01-24" :source "quicklisp" :systems ("local-time"))
("parse-declarations" :version "2010-10-07" :source "quicklisp" :systems
 ("parse-declarations-1.0"))
("parse-number" :version "2018-02-28" :source "quicklisp" :systems
 ("parse-number"))
("serapeum" :version (:commit "070edc01c617a44178ee108f22834e6d49059303")
 :source :implicit-vcs :systems ("serapeum" "serapeum/docs" "serapeum/tests"))
("slime" :version "2022-02-20" :source "quicklisp" :systems ("swank"))
("split-sequence" :version "2021-05-31" :source "quicklisp" :systems
 ("split-sequence"))
("string-case" :version "2018-07-11" :source "quicklisp" :systems
 ("string-case"))
("trivia" :version "2022-04-01" :source "quicklisp" :systems
 ("trivia" "trivia.balland2006" "trivia.level0" "trivia.level1" "trivia.level2"
  "trivia.trivial"))
("trivial-backtrace" :version "2020-06-10" :source "quicklisp" :systems
 ("trivial-backtrace"))
("trivial-cltl2" :version "2021-12-30" :source "quicklisp" :systems
 ("trivial-cltl2"))
("trivial-file-size" :version "2020-04-27" :source "quicklisp" :systems
 ("trivial-file-size"))
("trivial-garbage" :version "2021-12-30" :source "quicklisp" :systems
 ("trivial-garbage"))
("trivial-indent" :version "2021-05-31" :source "quicklisp" :systems
 ("trivial-indent"))
("trivial-macroexpand-all" :version "2017-10-23" :source "quicklisp" :systems
 ("trivial-macroexpand-all"))
("type-i" :version "2019-12-27" :source "quicklisp" :systems ("type-i"))


;;;;;;;;;;;;;;;;;;;;;;;;;;;;;;;;;;;;;;;;;;;;;;;;;;;;;;;;;;;;;;;;;;;;;;;;;;;;;;;;
;; BEGIN REVERSE-DEPENDENCIES
;;;;;;;;;;;;;;;;;;;;;;;;;;;;;;;;;;;;;;;;;;;;;;;;;;;;;;;;;;;;;;;;;;;;;;;;;;;;;;;;

:reverse-dependencies
("./alu.asd" (t (:asd-file :name "./alu.asd")))

("alexandria" ((:system :name "type-i") (:system :name "alexandria"))
 ((:system :name "trivia.level0") (:system :name "alexandria"))
 ((:system :name "trivia.balland2006") (:system :name "alexandria"))
 ((:system :name "serapeum") (:system :name "alexandria"))
 ((:system :name "lisp-namespace") (:system :name "alexandria"))
 ((:system :name "fiveam") (:system :name "alexandria"))
 ((:system :name "bordeaux-threads") (:system :name "alexandria")))

("asdf-flv"
 ((:system :name "fiveam") (:system :name "net.didierverna.asdf-flv")))

("atomics" ((:system :name "serapeum/tests") (:system :name "atomics")))

("bordeaux-threads"
 ((:system :name "serapeum") (:system :name "bordeaux-threads")))

("cl-ppcre" ((:system :name "serapeum/docs") (:system :name "cl-ppcre")))

("closer-mop" ((:system :name "trivia.level2") (:system :name "closer-mop")))

("documentation-utils"
 ((:system :name "atomics") (:system :name "documentation-utils")))

("fiveam" ((:system :name "serapeum/tests") (:system :name "fiveam"))
 ((:system :name "fiveam/test") (:system :name "fiveam"))
 (t
  (:project :name "fiveam" :commit "e11dee752a8f59065033ef9d60641d4a2f1e8379"
   :source :implicit-vcs)))

("global-vars" ((:system :name "serapeum") (:system :name "global-vars")))

("introspect-environment"
 ((:system :name "type-i") (:system :name "introspect-environment"))
 ((:system :name "serapeum") (:system :name "introspect-environment")))

("iterate" ((:system :name "trivia.balland2006") (:system :name "iterate")))

("lisp-namespace" ((:system :name "type-i") (:system :name "lisp-namespace"))
 ((:system :name "trivia.level2") (:system :name "lisp-namespace")))

("local-time" ((:system :name "serapeum/tests") (:system :name "local-time")))

("parse-declarations"
 ((:system :name "serapeum") (:system :name "parse-declarations-1.0")))

("parse-number" ((:system :name "serapeum") (:system :name "parse-number")))

("serapeum" ((:system :name "serapeum/tests") (:system :name "serapeum"))
 ((:system :name "serapeum/docs") (:system :name "serapeum"))
 (t
  (:project :name "serapeum" :commit "070edc01c617a44178ee108f22834e6d49059303"
   :source :implicit-vcs)))

("slime" ((:system :name "serapeum/docs") (:system :name "swank")))

("split-sequence" ((:system :name "serapeum") (:system :name "split-sequence")))

("string-case" ((:system :name "serapeum") (:system :name "string-case")))

("trivia" ((:system :name "type-i") (:system :name "trivia.trivial"))
 ((:system :name "trivia.trivial") (:system :name "trivia.level2"))
 ((:system :name "trivia.level2") (:system :name "trivia.level1"))
 ((:system :name "trivia.level1") (:system :name "trivia.level0"))
 ((:system :name "trivia.balland2006") (:system :name "trivia.trivial"))
 ((:system :name "trivia") (:system :name "trivia.balland2006"))
 ((:system :name "serapeum") (:system :name "trivia")))

("trivial-backtrace"
 ((:system :name "fiveam") (:system :name "trivial-backtrace")))

("trivial-cltl2"
 ((:system :name "trivia.level2") (:system :name "trivial-cltl2"))
 ((:system :name "serapeum") (:system :name "trivial-cltl2")))

("trivial-file-size"
 ((:system :name "serapeum") (:system :name "trivial-file-size")))

("trivial-garbage"
 ((:system :name "serapeum") (:system :name "trivial-garbage")))

("trivial-indent"
 ((:system :name "documentation-utils") (:system :name "trivial-indent")))

("trivial-macroexpand-all"
 ((:system :name "serapeum/tests") (:system :name "trivial-macroexpand-all"))
 ((:system :name "serapeum") (:system :name "trivial-macroexpand-all")))

("type-i" ((:system :name "trivia.balland2006") (:system :name "type-i")))

